
Microsoft Visual Studio Solution File, Format Version 12.00
# Visual Studio 14
VisualStudioVersion = 14.0.24720.0
MinimumVisualStudioVersion = 10.0.40219.1
Project("{2150E333-8FDC-42A3-9474-1A3956D46DE8}") = "Library", "Library", "{9CE6B929-A748-4E87-85AB-0CF4B7801DC0}"
EndProject
Project("{FAE04EC0-301F-11D3-BF4B-00C04F79EFBC}") = "WorkSuite.Library.CodeStrutures", "Library\src\WorkSuite.Library.CodeStrutures\WorkSuite.Library.CodeStrutures.csproj", "{249BE708-3014-4584-9E14-CB087E54916E}"
EndProject
Project("{2150E333-8FDC-42A3-9474-1A3956D46DE8}") = "Tests", "Tests", "{C7F2471D-1CEC-4C9D-A2B2-2CE00DEFB186}"
EndProject
Project("{FAE04EC0-301F-11D3-BF4B-00C04F79EFBC}") = "WorkSuite.Library.CodeStrutures.Tests", "Library\testsrc\WorkSuite.Library.CodeStrutures.Tests\WorkSuite.Library.CodeStrutures.Tests.csproj", "{DD7B6D7E-BA3F-4CA1-89D0-4B79E3345330}"
EndProject
Project("{FAE04EC0-301F-11D3-BF4B-00C04F79EFBC}") = "WorkSuite.Library.Ninject", "Library\src\WorkSuite.Library.Ninject\WorkSuite.Library.Ninject.csproj", "{FA9854F9-6908-483A-AE63-9354249E74BC}"
EndProject
Project("{FAE04EC0-301F-11D3-BF4B-00C04F79EFBC}") = "WorkSuite.Library.EntityFramework", "Library\src\WorkSuite.Library.EntityFramework\WorkSuite.Library.EntityFramework.csproj", "{E5273850-17DB-4659-833F-5CB64FA21955}"
EndProject
Project("{FAE04EC0-301F-11D3-BF4B-00C04F79EFBC}") = "WorkSuite.Library.Asp.Net.Mvc.Server", "Library\src\WorkSuite.Library.Asp.Net.Mvc.Server\WorkSuite.Library.Asp.Net.Mvc.Server.csproj", "{B8E420E6-C270-44A9-AA9F-A1418975BD39}"
EndProject
Project("{2150E333-8FDC-42A3-9474-1A3956D46DE8}") = ".nuget", ".nuget", "{1F4C6357-D38F-4BF9-9538-87BA9FF02273}"
	ProjectSection(SolutionItems) = preProject
		.nuget\NuGet.Config = .nuget\NuGet.Config
		.nuget\NuGet.exe = .nuget\NuGet.exe
		.nuget\NuGet.targets = .nuget\NuGet.targets
	EndProjectSection
EndProject
Project("{FAE04EC0-301F-11D3-BF4B-00C04F79EFBC}") = "WorkSuite.Library.Cryptography", "Library\src\WorkSuite.Library.Cryptography\WorkSuite.Library.Cryptography.csproj", "{D5910A05-324D-49E5-8FAA-22BCFB557C23}"
EndProject
Project("{FAE04EC0-301F-11D3-BF4B-00C04F79EFBC}") = "WorkSuite.Library.Cryptography.Tests", "Library\testsrc\WorkSuite.Library.Cryptography.Tests\WorkSuite.Library.Cryptography.Tests.csproj", "{EA159867-068F-4479-B3B1-6B9770955D0E}"
EndProject
Project("{FAE04EC0-301F-11D3-BF4B-00C04F79EFBC}") = "WorkSuite.Library.Asp.Net.Mvc.Server.Tests", "Library\testsrc\WorkSuite.Library.Asp.Net.Mvc.Server.Tests\WorkSuite.Library.Asp.Net.Mvc.Server.Tests.csproj", "{9F56A494-078D-4838-A54C-C1D7B4F9E5F4}"
EndProject
Project("{2150E333-8FDC-42A3-9474-1A3956D46DE8}") = "Solution", "Solution", "{EC02CBD8-373F-4FBE-A5AC-1AFAE0EDC6DF}"
	ProjectSection(SolutionItems) = preProject
		Solution\worksuite.runsettings = Solution\worksuite.runsettings
	EndProjectSection
EndProject
Project("{FAE04EC0-301F-11D3-BF4B-00C04F79EFBC}") = "WorkSuite.Library.DomainTypes", "Library\src\WorkSuite.Library.DomainTypes\WorkSuite.Library.DomainTypes.csproj", "{538C6F62-B398-41F1-917C-10659FDF6C78}"
EndProject
Project("{FAE04EC0-301F-11D3-BF4B-00C04F79EFBC}") = "WorkSuite.Library.DomainTypes.Tests", "Library\testsrc\WorkSuite.Library.DomainTypes.Tests\WorkSuite.Library.DomainTypes.Tests.csproj", "{499B053C-13F8-457C-9AC9-E1469C567770}"
EndProject
Project("{FAE04EC0-301F-11D3-BF4B-00C04F79EFBC}") = "WorkSuite.Library.IO", "Library\src\WorkSuite.Library.IO\WorkSuite.Library.IO.csproj", "{D56D4264-6C22-4DFA-9F46-0840B757A8E1}"
EndProject
Project("{FAE04EC0-301F-11D3-BF4B-00C04F79EFBC}") = "WorkSuite.Library.IO.Cryptography", "Library\src\WorkSuite.Library.IO.Cryptography\WorkSuite.Library.IO.Cryptography.csproj", "{CDB719B5-36B2-4F45-9F00-118138EB18D0}"
EndProject
Project("{FAE04EC0-301F-11D3-BF4B-00C04F79EFBC}") = "WorkSuite.Library.IO.Tests", "Library\testsrc\WorkSuite.Library.IO.Tests\WorkSuite.Library.IO.Tests.csproj", "{7B1100E2-EB35-4FBB-9A24-61E460167008}"
EndProject
Project("{FAE04EC0-301F-11D3-BF4B-00C04F79EFBC}") = "WorkSuite.Library.IO.Cryptography.Tests", "Library\testsrc\WorkSuite.Library.IO.Cryptography.Tests\WorkSuite.Library.IO.Cryptography.Tests.csproj", "{4047A2FC-FC0F-43E2-BBD1-52746E678FAF}"
EndProject
Project("{FAE04EC0-301F-11D3-BF4B-00C04F79EFBC}") = "WorkSuite.Library.Asp.Net.Mvc.Presentation", "Library\src\WorkSuite.Library.Asp.Net.Mvc.Presentation\WorkSuite.Library.Asp.Net.Mvc.Presentation.csproj", "{468F0B44-D85C-4B73-AF2E-CA31223DCE64}"
EndProject
Project("{FAE04EC0-301F-11D3-BF4B-00C04F79EFBC}") = "WorkSuite.Library.Asp.Net.Mvc.Presentation.Tests", "Library\testsrc\WorkSuite.Library.Asp.Net.Mvc.Presentation.Tests\WorkSuite.Library.Asp.Net.Mvc.Presentation.Tests.csproj", "{5A885F77-8EBD-4291-83A2-41A90146DADF}"
EndProject
Project("{FAE04EC0-301F-11D3-BF4B-00C04F79EFBC}") = "WorkSuite.Library.Persistence", "Library\src\WorkSuite.Library.Persistence\WorkSuite.Library.Persistence.csproj", "{C55F23BE-BC7A-4F70-81D3-AF5D645FE831}"
EndProject
Project("{FAE04EC0-301F-11D3-BF4B-00C04F79EFBC}") = "WorkSuite.Library.Persistence.EF", "Library\src\WorkSuite.Library.Persistence.EF\WorkSuite.Library.Persistence.EF.csproj", "{422C302F-F4DD-4008-8F86-0124BEA8DE7B}"
EndProject
Project("{FAE04EC0-301F-11D3-BF4B-00C04F79EFBC}") = "WorkSuite.Library.Service.Specification", "Library\src\WorkSuite.Library.Service.Specification\WorkSuite.Library.Service.Specification.csproj", "{E6053BB8-D527-4524-93DF-19FE290CF90E}"
EndProject
Project("{FAE04EC0-301F-11D3-BF4B-00C04F79EFBC}") = "WorkSuite.Library.EntityFramework.Tests", "Library\testsrc\WorkSuite.Library.EntityFramework.Tests\WorkSuite.Library.EntityFramework.Tests.csproj", "{2661BA25-7FCD-4A40-AE6D-FA5A8C964CBB}"
EndProject
Project("{2150E333-8FDC-42A3-9474-1A3956D46DE8}") = "Worksuite", "Worksuite", "{E483B164-8D20-4742-84D7-2DADEEBD9B72}"
	ProjectSection(SolutionItems) = preProject
		Worksuite\Readme.txt = Worksuite\Readme.txt
	EndProjectSection
EndProject
Project("{2150E333-8FDC-42A3-9474-1A3956D46DE8}") = "Clients", "Clients", "{94350616-92CD-4601-AC81-DBCDABCC9EAA}"
EndProject
Project("{FAE04EC0-301F-11D3-BF4B-00C04F79EFBC}") = "WorkSuite.Web.ThinClient", "Worksuite\Clients\ThinClient\src\WorkSuite.Web.ThinClient\WorkSuite.Web.ThinClient.csproj", "{7D77B7BD-CF76-4AEE-841B-6AADB0B4E10C}"
EndProject
Project("{2150E333-8FDC-42A3-9474-1A3956D46DE8}") = "Domains", "Domains", "{24A219FD-6BBD-49EE-BD51-B66FDC7A9F45}"
EndProject
Project("{2150E333-8FDC-42A3-9474-1A3956D46DE8}") = "HR", "HR", "{C84751DA-B1B5-4382-836B-438B0D732459}"
EndProject
Project("{FAE04EC0-301F-11D3-BF4B-00C04F79EFBC}") = "HR.Services", "Worksuite\Domains\HR\src\Services\HR.Services.csproj", "{3D42E5CB-8885-42A6-A018-1C0F1D369123}"
EndProject
Project("{FAE04EC0-301F-11D3-BF4B-00C04F79EFBC}") = "HR.Persistence", "Worksuite\Domains\HR\src\Persistence\HR.Persistence.csproj", "{30E54F69-6055-4747-AFD7-D85E7C7F55A0}"
EndProject
Project("{FAE04EC0-301F-11D3-BF4B-00C04F79EFBC}") = "HR.Domain", "Worksuite\Domains\HR\src\Domain\HR.Domain.csproj", "{8AE9FE51-65BF-4A09-90B6-5B559434BF84}"
EndProject
Project("{FAE04EC0-301F-11D3-BF4B-00C04F79EFBC}") = "HR.Services.Specification", "Worksuite\Domains\HR\testsrc\Specification\HR.Services.Specification.csproj", "{80ACFD45-1301-4BBD-86DD-39634695C6E7}"
EndProject
Project("{2150E333-8FDC-42A3-9474-1A3956D46DE8}") = "Persistence", "Persistence", "{91182FD1-466D-473F-829D-C0F44B879C0A}"
EndProject
Project("{FAE04EC0-301F-11D3-BF4B-00C04F79EFBC}") = "WorkSuite.Persistence.EF", "Worksuite\Persistence\src\WorkSuite.Persistence.EF\WorkSuite.Persistence.EF.csproj", "{28ECB242-41D7-4A1F-8FC5-56853334FF29}"
EndProject
Project("{2150E333-8FDC-42A3-9474-1A3956D46DE8}") = "PlannedSupply", "PlannedSupply", "{D8853533-8256-46CD-B5A3-65C7A9433820}"
EndProject
Project("{FAE04EC0-301F-11D3-BF4B-00C04F79EFBC}") = "PlannedSupply.Services", "PlannedSupply.Services\PlannedSupply.Services.csproj", "{1E90397A-D33C-42F3-AE41-C1925820F3D8}"
EndProject
Project("{FAE04EC0-301F-11D3-BF4B-00C04F79EFBC}") = "PlannedSupply.Services.Specification", "PlannedSupply.Services.Specification\PlannedSupply.Services.Specification.csproj", "{D29AC509-D1F2-4F81-97F7-9CD3E486184A}"
EndProject
Project("{FAE04EC0-301F-11D3-BF4B-00C04F79EFBC}") = "PlannedSupply.Domain", "PlannedSupply.Domain\PlannedSupply.Domain.csproj", "{3FA9037B-A4B7-413D-863E-B91768E18A37}"
EndProject
Project("{FAE04EC0-301F-11D3-BF4B-00C04F79EFBC}") = "PlannedSupply.Persistence", "PlannedSupply.Persistence\PlannedSupply.Persistence.csproj", "{F5F8687C-2AB8-4CDA-A346-2B8EAFCDCD73}"
EndProject
Project("{2150E333-8FDC-42A3-9474-1A3956D46DE8}") = "Audit", "Audit", "{3978B083-8E97-4D7E-9ED3-9892F0DA943F}"
EndProject
Project("{FAE04EC0-301F-11D3-BF4B-00C04F79EFBC}") = "Audit.Domain", "Worksuite\Domains\Audit\src\Domain\Audit.Domain.csproj", "{007077B1-606F-421D-91A3-07E9214571DD}"
EndProject
Project("{FAE04EC0-301F-11D3-BF4B-00C04F79EFBC}") = "Audit.Persistence", "Worksuite\Domains\Audit\src\Persistence\Audit.Persistence.csproj", "{BAE5C69D-879F-4C0B-B615-B600E5266B74}"
EndProject
Project("{FAE04EC0-301F-11D3-BF4B-00C04F79EFBC}") = "Audit.Services.Specification", "Worksuite\Domains\Audit\testsrc\Specification\Audit.Services.Specification.csproj", "{6317043D-4A66-40A2-81B4-A1BA41D865BE}"
EndProject
Project("{2150E333-8FDC-42A3-9474-1A3956D46DE8}") = "Integration", "Integration", "{AB47EA78-EAF4-4EDB-B813-9377ADFA0D50}"
EndProject
Project("{FAE04EC0-301F-11D3-BF4B-00C04F79EFBC}") = "WorkSuite.Services.Integration", "Worksuite\Integration\src\WorkSuite.Services.Integration\WorkSuite.Services.Integration.csproj", "{60B26944-DB9B-4514-B8EB-B4A0C809801C}"
EndProject
Project("{2150E333-8FDC-42A3-9474-1A3956D46DE8}") = "Content", "Content", "{68A09A24-D260-49D7-B30F-922842854709}"
EndProject
Project("{FAE04EC0-301F-11D3-BF4B-00C04F79EFBC}") = "Content.Services", "Worksuite\Domains\Content\src\Services\Content.Services.csproj", "{55D6359C-7EA7-42DC-BC38-3F4B2B02EB99}"
EndProject
Project("{2150E333-8FDC-42A3-9474-1A3956D46DE8}") = "Allocation", "Allocation", "{5EABFC3E-967C-41DF-BA37-1F793022A580}"
EndProject
Project("{FAE04EC0-301F-11D3-BF4B-00C04F79EFBC}") = "Allocation.Domain", "Worksuite\Domains\Allocation\src\Domain\Allocation.Domain.csproj", "{887EA32B-4F5B-4435-9309-B8064E125758}"
EndProject
Project("{FAE04EC0-301F-11D3-BF4B-00C04F79EFBC}") = "Allocation.Services.Specification", "Worksuite\Domains\Allocation\testsrc\Specification\Allocation.Services.Specification.csproj", "{9B0FB878-9317-4AAB-84D9-38820A56F540}"
EndProject
Project("{FAE04EC0-301F-11D3-BF4B-00C04F79EFBC}") = "Allocation.Services", "Worksuite\Domains\Allocation\src\Services\Allocation.Services.csproj", "{1CF42DD7-C264-4B66-80D8-29A39A366E80}"
EndProject
Project("{FAE04EC0-301F-11D3-BF4B-00C04F79EFBC}") = "Allocation.Persistence", "Worksuite\Domains\Allocation\src\Persistence\Allocation.Persistence.csproj", "{D2F349F0-F8F7-4593-83E7-27CB93D67BFE}"
EndProject
Project("{FAE04EC0-301F-11D3-BF4B-00C04F79EFBC}") = "WTS.Web.StaticContent", "Library\src\WTS.Web.StaticContent\WTS.Web.StaticContent.csproj", "{E1D9942D-6947-4695-883D-0D6E8B3F9942}"
EndProject
Project("{2150E333-8FDC-42A3-9474-1A3956D46DE8}") = "ThinClient", "ThinClient", "{089C62F0-A860-46EA-B8DF-B491286877BE}"
EndProject
Project("{FAE04EC0-301F-11D3-BF4B-00C04F79EFBC}") = "ThinClient.Query.Services", "Worksuite\Clients\ThinClient\src\ThinClient.Query.Services\ThinClient.Query.Services.csproj", "{88633F01-0B3E-4C75-8D8D-641211E2455D}"
EndProject
Project("{FAE04EC0-301F-11D3-BF4B-00C04F79EFBC}") = "ThinClient.Query.Implementation", "Worksuite\Clients\ThinClient\src\ThinClient.Query.Implementation\ThinClient.Query.Implementation.csproj", "{1481E644-3E09-43E6-8870-F2C3F4FB0B2E}"
EndProject
Project("{FAE04EC0-301F-11D3-BF4B-00C04F79EFBC}") = "ThinClient.Query.Services.Specification", "Worksuite\Clients\ThinClient\testsrc\ThinClient.Query.Services.Specification\ThinClient.Query.Services.Specification.csproj", "{7F524819-E795-446A-A492-CBECC3AE874F}"
EndProject
Project("{FAE04EC0-301F-11D3-BF4B-00C04F79EFBC}") = "ThinClient.Query.Persistence", "Worksuite\Clients\ThinClient\src\ThinClient.Query.Persistence\ThinClient.Query.Persistence.csproj", "{476EAF1F-9400-4524-91D2-07B4B19DA472}"
EndProject
Project("{2150E333-8FDC-42A3-9474-1A3956D46DE8}") = "SupplyShortage", "SupplyShortage", "{B1A9C415-5C08-43FB-AC4B-6389EF470747}"
EndProject
Project("{FAE04EC0-301F-11D3-BF4B-00C04F79EFBC}") = "SupplyShortage.Persistence", "Worksuite\Domains\SupplyShortage\src\Persistence\SupplyShortage.Persistence.csproj", "{CC840EEF-A77F-477A-97D8-CDB877C5CB6D}"
EndProject
Project("{FAE04EC0-301F-11D3-BF4B-00C04F79EFBC}") = "SupplyShortage.Services", "Worksuite\Domains\SupplyShortage\src\Services\SupplyShortage.Services.csproj", "{64491FBA-1797-42C3-9420-C64DE0FA00FF}"
EndProject
Project("{FAE04EC0-301F-11D3-BF4B-00C04F79EFBC}") = "SupplyShortage.Domain", "Worksuite\Domains\SupplyShortage\src\Domain\SupplyShortage.Domain.csproj", "{977B1E2B-403C-4F88-B33C-DFFBBFD0295F}"
EndProject
Project("{FAE04EC0-301F-11D3-BF4B-00C04F79EFBC}") = "SupplyShortage.Services.Specification", "Worksuite\Domains\SupplyShortage\testsrc\Specification\SupplyShortage.Services.Specification.csproj", "{FC069F2D-0645-420E-BBA1-23AD436639CD}"
EndProject
Project("{FAE04EC0-301F-11D3-BF4B-00C04F79EFBC}") = "WorkSuite.Library.Domain.Specification", "Library\src\WorkSuite.Library.Domain.Specification\WorkSuite.Library.Domain.Specification.csproj", "{7B2D021B-4D47-446F-90E4-99F11E9B5901}"
EndProject
Project("{2150E333-8FDC-42A3-9474-1A3956D46DE8}") = "Core", "Core", "{836908EF-8BA8-4ADC-BF4C-E97ED8B9EA91}"
EndProject
Project("{FAE04EC0-301F-11D3-BF4B-00C04F79EFBC}") = "Worksuite.Core", "Worksuite\Core\src\Worksuite.Core\Worksuite.Core.csproj", "{1DF54FED-2BC7-4317-B32E-53135723B267}"
EndProject
Global
	GlobalSection(SolutionConfigurationPlatforms) = preSolution
		Debug|Any CPU = Debug|Any CPU
		Release|Any CPU = Release|Any CPU
	EndGlobalSection
	GlobalSection(ProjectConfigurationPlatforms) = postSolution
		{249BE708-3014-4584-9E14-CB087E54916E}.Debug|Any CPU.ActiveCfg = Debug|Any CPU
		{249BE708-3014-4584-9E14-CB087E54916E}.Debug|Any CPU.Build.0 = Debug|Any CPU
		{249BE708-3014-4584-9E14-CB087E54916E}.Release|Any CPU.ActiveCfg = Release|Any CPU
		{249BE708-3014-4584-9E14-CB087E54916E}.Release|Any CPU.Build.0 = Release|Any CPU
		{DD7B6D7E-BA3F-4CA1-89D0-4B79E3345330}.Debug|Any CPU.ActiveCfg = Debug|Any CPU
		{DD7B6D7E-BA3F-4CA1-89D0-4B79E3345330}.Debug|Any CPU.Build.0 = Debug|Any CPU
		{DD7B6D7E-BA3F-4CA1-89D0-4B79E3345330}.Release|Any CPU.ActiveCfg = Release|Any CPU
		{DD7B6D7E-BA3F-4CA1-89D0-4B79E3345330}.Release|Any CPU.Build.0 = Release|Any CPU
		{FA9854F9-6908-483A-AE63-9354249E74BC}.Debug|Any CPU.ActiveCfg = Debug|Any CPU
		{FA9854F9-6908-483A-AE63-9354249E74BC}.Debug|Any CPU.Build.0 = Debug|Any CPU
		{FA9854F9-6908-483A-AE63-9354249E74BC}.Release|Any CPU.ActiveCfg = Release|Any CPU
		{FA9854F9-6908-483A-AE63-9354249E74BC}.Release|Any CPU.Build.0 = Release|Any CPU
		{E5273850-17DB-4659-833F-5CB64FA21955}.Debug|Any CPU.ActiveCfg = Debug|Any CPU
		{E5273850-17DB-4659-833F-5CB64FA21955}.Debug|Any CPU.Build.0 = Debug|Any CPU
		{E5273850-17DB-4659-833F-5CB64FA21955}.Release|Any CPU.ActiveCfg = Release|Any CPU
		{E5273850-17DB-4659-833F-5CB64FA21955}.Release|Any CPU.Build.0 = Release|Any CPU
		{B8E420E6-C270-44A9-AA9F-A1418975BD39}.Debug|Any CPU.ActiveCfg = Debug|Any CPU
		{B8E420E6-C270-44A9-AA9F-A1418975BD39}.Debug|Any CPU.Build.0 = Debug|Any CPU
		{B8E420E6-C270-44A9-AA9F-A1418975BD39}.Release|Any CPU.ActiveCfg = Release|Any CPU
		{B8E420E6-C270-44A9-AA9F-A1418975BD39}.Release|Any CPU.Build.0 = Release|Any CPU
		{D5910A05-324D-49E5-8FAA-22BCFB557C23}.Debug|Any CPU.ActiveCfg = Debug|Any CPU
		{D5910A05-324D-49E5-8FAA-22BCFB557C23}.Debug|Any CPU.Build.0 = Debug|Any CPU
		{D5910A05-324D-49E5-8FAA-22BCFB557C23}.Release|Any CPU.ActiveCfg = Release|Any CPU
		{D5910A05-324D-49E5-8FAA-22BCFB557C23}.Release|Any CPU.Build.0 = Release|Any CPU
		{EA159867-068F-4479-B3B1-6B9770955D0E}.Debug|Any CPU.ActiveCfg = Debug|Any CPU
		{EA159867-068F-4479-B3B1-6B9770955D0E}.Debug|Any CPU.Build.0 = Debug|Any CPU
		{EA159867-068F-4479-B3B1-6B9770955D0E}.Release|Any CPU.ActiveCfg = Release|Any CPU
		{EA159867-068F-4479-B3B1-6B9770955D0E}.Release|Any CPU.Build.0 = Release|Any CPU
		{9F56A494-078D-4838-A54C-C1D7B4F9E5F4}.Debug|Any CPU.ActiveCfg = Debug|Any CPU
		{9F56A494-078D-4838-A54C-C1D7B4F9E5F4}.Debug|Any CPU.Build.0 = Debug|Any CPU
		{9F56A494-078D-4838-A54C-C1D7B4F9E5F4}.Release|Any CPU.ActiveCfg = Release|Any CPU
		{9F56A494-078D-4838-A54C-C1D7B4F9E5F4}.Release|Any CPU.Build.0 = Release|Any CPU
		{538C6F62-B398-41F1-917C-10659FDF6C78}.Debug|Any CPU.ActiveCfg = Debug|Any CPU
		{538C6F62-B398-41F1-917C-10659FDF6C78}.Debug|Any CPU.Build.0 = Debug|Any CPU
		{538C6F62-B398-41F1-917C-10659FDF6C78}.Release|Any CPU.ActiveCfg = Release|Any CPU
		{538C6F62-B398-41F1-917C-10659FDF6C78}.Release|Any CPU.Build.0 = Release|Any CPU
		{499B053C-13F8-457C-9AC9-E1469C567770}.Debug|Any CPU.ActiveCfg = Debug|Any CPU
		{499B053C-13F8-457C-9AC9-E1469C567770}.Debug|Any CPU.Build.0 = Debug|Any CPU
		{499B053C-13F8-457C-9AC9-E1469C567770}.Release|Any CPU.ActiveCfg = Release|Any CPU
		{499B053C-13F8-457C-9AC9-E1469C567770}.Release|Any CPU.Build.0 = Release|Any CPU
		{D56D4264-6C22-4DFA-9F46-0840B757A8E1}.Debug|Any CPU.ActiveCfg = Debug|Any CPU
		{D56D4264-6C22-4DFA-9F46-0840B757A8E1}.Debug|Any CPU.Build.0 = Debug|Any CPU
		{D56D4264-6C22-4DFA-9F46-0840B757A8E1}.Release|Any CPU.ActiveCfg = Release|Any CPU
		{D56D4264-6C22-4DFA-9F46-0840B757A8E1}.Release|Any CPU.Build.0 = Release|Any CPU
		{CDB719B5-36B2-4F45-9F00-118138EB18D0}.Debug|Any CPU.ActiveCfg = Debug|Any CPU
		{CDB719B5-36B2-4F45-9F00-118138EB18D0}.Debug|Any CPU.Build.0 = Debug|Any CPU
		{CDB719B5-36B2-4F45-9F00-118138EB18D0}.Release|Any CPU.ActiveCfg = Release|Any CPU
		{CDB719B5-36B2-4F45-9F00-118138EB18D0}.Release|Any CPU.Build.0 = Release|Any CPU
		{7B1100E2-EB35-4FBB-9A24-61E460167008}.Debug|Any CPU.ActiveCfg = Debug|Any CPU
		{7B1100E2-EB35-4FBB-9A24-61E460167008}.Debug|Any CPU.Build.0 = Debug|Any CPU
		{7B1100E2-EB35-4FBB-9A24-61E460167008}.Release|Any CPU.ActiveCfg = Release|Any CPU
		{7B1100E2-EB35-4FBB-9A24-61E460167008}.Release|Any CPU.Build.0 = Release|Any CPU
		{4047A2FC-FC0F-43E2-BBD1-52746E678FAF}.Debug|Any CPU.ActiveCfg = Debug|Any CPU
		{4047A2FC-FC0F-43E2-BBD1-52746E678FAF}.Debug|Any CPU.Build.0 = Debug|Any CPU
		{4047A2FC-FC0F-43E2-BBD1-52746E678FAF}.Release|Any CPU.ActiveCfg = Release|Any CPU
		{4047A2FC-FC0F-43E2-BBD1-52746E678FAF}.Release|Any CPU.Build.0 = Release|Any CPU
		{468F0B44-D85C-4B73-AF2E-CA31223DCE64}.Debug|Any CPU.ActiveCfg = Debug|Any CPU
		{468F0B44-D85C-4B73-AF2E-CA31223DCE64}.Debug|Any CPU.Build.0 = Debug|Any CPU
		{468F0B44-D85C-4B73-AF2E-CA31223DCE64}.Release|Any CPU.ActiveCfg = Release|Any CPU
		{468F0B44-D85C-4B73-AF2E-CA31223DCE64}.Release|Any CPU.Build.0 = Release|Any CPU
		{5A885F77-8EBD-4291-83A2-41A90146DADF}.Debug|Any CPU.ActiveCfg = Debug|Any CPU
		{5A885F77-8EBD-4291-83A2-41A90146DADF}.Debug|Any CPU.Build.0 = Debug|Any CPU
		{5A885F77-8EBD-4291-83A2-41A90146DADF}.Release|Any CPU.ActiveCfg = Release|Any CPU
		{5A885F77-8EBD-4291-83A2-41A90146DADF}.Release|Any CPU.Build.0 = Release|Any CPU
		{C55F23BE-BC7A-4F70-81D3-AF5D645FE831}.Debug|Any CPU.ActiveCfg = Debug|Any CPU
		{C55F23BE-BC7A-4F70-81D3-AF5D645FE831}.Debug|Any CPU.Build.0 = Debug|Any CPU
		{C55F23BE-BC7A-4F70-81D3-AF5D645FE831}.Release|Any CPU.ActiveCfg = Release|Any CPU
		{C55F23BE-BC7A-4F70-81D3-AF5D645FE831}.Release|Any CPU.Build.0 = Release|Any CPU
		{422C302F-F4DD-4008-8F86-0124BEA8DE7B}.Debug|Any CPU.ActiveCfg = Debug|Any CPU
		{422C302F-F4DD-4008-8F86-0124BEA8DE7B}.Debug|Any CPU.Build.0 = Debug|Any CPU
		{422C302F-F4DD-4008-8F86-0124BEA8DE7B}.Release|Any CPU.ActiveCfg = Release|Any CPU
		{422C302F-F4DD-4008-8F86-0124BEA8DE7B}.Release|Any CPU.Build.0 = Release|Any CPU
		{E6053BB8-D527-4524-93DF-19FE290CF90E}.Debug|Any CPU.ActiveCfg = Debug|Any CPU
		{E6053BB8-D527-4524-93DF-19FE290CF90E}.Debug|Any CPU.Build.0 = Debug|Any CPU
		{E6053BB8-D527-4524-93DF-19FE290CF90E}.Release|Any CPU.ActiveCfg = Release|Any CPU
		{E6053BB8-D527-4524-93DF-19FE290CF90E}.Release|Any CPU.Build.0 = Release|Any CPU
		{2661BA25-7FCD-4A40-AE6D-FA5A8C964CBB}.Debug|Any CPU.ActiveCfg = Debug|Any CPU
		{2661BA25-7FCD-4A40-AE6D-FA5A8C964CBB}.Debug|Any CPU.Build.0 = Debug|Any CPU
		{2661BA25-7FCD-4A40-AE6D-FA5A8C964CBB}.Release|Any CPU.ActiveCfg = Release|Any CPU
		{2661BA25-7FCD-4A40-AE6D-FA5A8C964CBB}.Release|Any CPU.Build.0 = Release|Any CPU
		{7D77B7BD-CF76-4AEE-841B-6AADB0B4E10C}.Debug|Any CPU.ActiveCfg = Debug|Any CPU
		{7D77B7BD-CF76-4AEE-841B-6AADB0B4E10C}.Debug|Any CPU.Build.0 = Debug|Any CPU
		{7D77B7BD-CF76-4AEE-841B-6AADB0B4E10C}.Release|Any CPU.ActiveCfg = Release|Any CPU
		{7D77B7BD-CF76-4AEE-841B-6AADB0B4E10C}.Release|Any CPU.Build.0 = Release|Any CPU
		{3D42E5CB-8885-42A6-A018-1C0F1D369123}.Debug|Any CPU.ActiveCfg = Debug|Any CPU
		{3D42E5CB-8885-42A6-A018-1C0F1D369123}.Debug|Any CPU.Build.0 = Debug|Any CPU
		{3D42E5CB-8885-42A6-A018-1C0F1D369123}.Release|Any CPU.ActiveCfg = Release|Any CPU
		{3D42E5CB-8885-42A6-A018-1C0F1D369123}.Release|Any CPU.Build.0 = Release|Any CPU
		{30E54F69-6055-4747-AFD7-D85E7C7F55A0}.Debug|Any CPU.ActiveCfg = Debug|Any CPU
		{30E54F69-6055-4747-AFD7-D85E7C7F55A0}.Debug|Any CPU.Build.0 = Debug|Any CPU
		{30E54F69-6055-4747-AFD7-D85E7C7F55A0}.Release|Any CPU.ActiveCfg = Release|Any CPU
		{30E54F69-6055-4747-AFD7-D85E7C7F55A0}.Release|Any CPU.Build.0 = Release|Any CPU
		{8AE9FE51-65BF-4A09-90B6-5B559434BF84}.Debug|Any CPU.ActiveCfg = Debug|Any CPU
		{8AE9FE51-65BF-4A09-90B6-5B559434BF84}.Debug|Any CPU.Build.0 = Debug|Any CPU
		{8AE9FE51-65BF-4A09-90B6-5B559434BF84}.Release|Any CPU.ActiveCfg = Release|Any CPU
		{8AE9FE51-65BF-4A09-90B6-5B559434BF84}.Release|Any CPU.Build.0 = Release|Any CPU
		{80ACFD45-1301-4BBD-86DD-39634695C6E7}.Debug|Any CPU.ActiveCfg = Debug|Any CPU
		{80ACFD45-1301-4BBD-86DD-39634695C6E7}.Debug|Any CPU.Build.0 = Debug|Any CPU
		{80ACFD45-1301-4BBD-86DD-39634695C6E7}.Release|Any CPU.ActiveCfg = Release|Any CPU
		{80ACFD45-1301-4BBD-86DD-39634695C6E7}.Release|Any CPU.Build.0 = Release|Any CPU
		{28ECB242-41D7-4A1F-8FC5-56853334FF29}.Debug|Any CPU.ActiveCfg = Debug|Any CPU
		{28ECB242-41D7-4A1F-8FC5-56853334FF29}.Debug|Any CPU.Build.0 = Debug|Any CPU
		{28ECB242-41D7-4A1F-8FC5-56853334FF29}.Release|Any CPU.ActiveCfg = Release|Any CPU
		{28ECB242-41D7-4A1F-8FC5-56853334FF29}.Release|Any CPU.Build.0 = Release|Any CPU
		{1E90397A-D33C-42F3-AE41-C1925820F3D8}.Debug|Any CPU.ActiveCfg = Debug|Any CPU
		{1E90397A-D33C-42F3-AE41-C1925820F3D8}.Debug|Any CPU.Build.0 = Debug|Any CPU
		{1E90397A-D33C-42F3-AE41-C1925820F3D8}.Release|Any CPU.ActiveCfg = Release|Any CPU
		{1E90397A-D33C-42F3-AE41-C1925820F3D8}.Release|Any CPU.Build.0 = Release|Any CPU
		{D29AC509-D1F2-4F81-97F7-9CD3E486184A}.Debug|Any CPU.ActiveCfg = Debug|Any CPU
		{D29AC509-D1F2-4F81-97F7-9CD3E486184A}.Debug|Any CPU.Build.0 = Debug|Any CPU
		{D29AC509-D1F2-4F81-97F7-9CD3E486184A}.Release|Any CPU.ActiveCfg = Release|Any CPU
		{D29AC509-D1F2-4F81-97F7-9CD3E486184A}.Release|Any CPU.Build.0 = Release|Any CPU
		{3FA9037B-A4B7-413D-863E-B91768E18A37}.Debug|Any CPU.ActiveCfg = Debug|Any CPU
		{3FA9037B-A4B7-413D-863E-B91768E18A37}.Debug|Any CPU.Build.0 = Debug|Any CPU
		{3FA9037B-A4B7-413D-863E-B91768E18A37}.Release|Any CPU.ActiveCfg = Release|Any CPU
		{3FA9037B-A4B7-413D-863E-B91768E18A37}.Release|Any CPU.Build.0 = Release|Any CPU
		{F5F8687C-2AB8-4CDA-A346-2B8EAFCDCD73}.Debug|Any CPU.ActiveCfg = Debug|Any CPU
		{F5F8687C-2AB8-4CDA-A346-2B8EAFCDCD73}.Debug|Any CPU.Build.0 = Debug|Any CPU
		{F5F8687C-2AB8-4CDA-A346-2B8EAFCDCD73}.Release|Any CPU.ActiveCfg = Release|Any CPU
		{F5F8687C-2AB8-4CDA-A346-2B8EAFCDCD73}.Release|Any CPU.Build.0 = Release|Any CPU
		{007077B1-606F-421D-91A3-07E9214571DD}.Debug|Any CPU.ActiveCfg = Debug|Any CPU
		{007077B1-606F-421D-91A3-07E9214571DD}.Debug|Any CPU.Build.0 = Debug|Any CPU
		{007077B1-606F-421D-91A3-07E9214571DD}.Release|Any CPU.ActiveCfg = Release|Any CPU
		{007077B1-606F-421D-91A3-07E9214571DD}.Release|Any CPU.Build.0 = Release|Any CPU
		{BAE5C69D-879F-4C0B-B615-B600E5266B74}.Debug|Any CPU.ActiveCfg = Debug|Any CPU
		{BAE5C69D-879F-4C0B-B615-B600E5266B74}.Debug|Any CPU.Build.0 = Debug|Any CPU
		{BAE5C69D-879F-4C0B-B615-B600E5266B74}.Release|Any CPU.ActiveCfg = Release|Any CPU
		{BAE5C69D-879F-4C0B-B615-B600E5266B74}.Release|Any CPU.Build.0 = Release|Any CPU
		{6317043D-4A66-40A2-81B4-A1BA41D865BE}.Debug|Any CPU.ActiveCfg = Debug|Any CPU
		{6317043D-4A66-40A2-81B4-A1BA41D865BE}.Debug|Any CPU.Build.0 = Debug|Any CPU
		{6317043D-4A66-40A2-81B4-A1BA41D865BE}.Release|Any CPU.ActiveCfg = Release|Any CPU
		{6317043D-4A66-40A2-81B4-A1BA41D865BE}.Release|Any CPU.Build.0 = Release|Any CPU
		{60B26944-DB9B-4514-B8EB-B4A0C809801C}.Debug|Any CPU.ActiveCfg = Debug|Any CPU
		{60B26944-DB9B-4514-B8EB-B4A0C809801C}.Debug|Any CPU.Build.0 = Debug|Any CPU
		{60B26944-DB9B-4514-B8EB-B4A0C809801C}.Release|Any CPU.ActiveCfg = Release|Any CPU
		{60B26944-DB9B-4514-B8EB-B4A0C809801C}.Release|Any CPU.Build.0 = Release|Any CPU
		{55D6359C-7EA7-42DC-BC38-3F4B2B02EB99}.Debug|Any CPU.ActiveCfg = Debug|Any CPU
		{55D6359C-7EA7-42DC-BC38-3F4B2B02EB99}.Debug|Any CPU.Build.0 = Debug|Any CPU
		{55D6359C-7EA7-42DC-BC38-3F4B2B02EB99}.Release|Any CPU.ActiveCfg = Release|Any CPU
		{55D6359C-7EA7-42DC-BC38-3F4B2B02EB99}.Release|Any CPU.Build.0 = Release|Any CPU
		{887EA32B-4F5B-4435-9309-B8064E125758}.Debug|Any CPU.ActiveCfg = Debug|Any CPU
		{887EA32B-4F5B-4435-9309-B8064E125758}.Debug|Any CPU.Build.0 = Debug|Any CPU
		{887EA32B-4F5B-4435-9309-B8064E125758}.Release|Any CPU.ActiveCfg = Release|Any CPU
		{887EA32B-4F5B-4435-9309-B8064E125758}.Release|Any CPU.Build.0 = Release|Any CPU
		{9B0FB878-9317-4AAB-84D9-38820A56F540}.Debug|Any CPU.ActiveCfg = Debug|Any CPU
		{9B0FB878-9317-4AAB-84D9-38820A56F540}.Debug|Any CPU.Build.0 = Debug|Any CPU
		{9B0FB878-9317-4AAB-84D9-38820A56F540}.Release|Any CPU.ActiveCfg = Release|Any CPU
		{9B0FB878-9317-4AAB-84D9-38820A56F540}.Release|Any CPU.Build.0 = Release|Any CPU
		{1CF42DD7-C264-4B66-80D8-29A39A366E80}.Debug|Any CPU.ActiveCfg = Debug|Any CPU
		{1CF42DD7-C264-4B66-80D8-29A39A366E80}.Debug|Any CPU.Build.0 = Debug|Any CPU
		{1CF42DD7-C264-4B66-80D8-29A39A366E80}.Release|Any CPU.ActiveCfg = Release|Any CPU
		{1CF42DD7-C264-4B66-80D8-29A39A366E80}.Release|Any CPU.Build.0 = Release|Any CPU
		{D2F349F0-F8F7-4593-83E7-27CB93D67BFE}.Debug|Any CPU.ActiveCfg = Debug|Any CPU
		{D2F349F0-F8F7-4593-83E7-27CB93D67BFE}.Debug|Any CPU.Build.0 = Debug|Any CPU
		{D2F349F0-F8F7-4593-83E7-27CB93D67BFE}.Release|Any CPU.ActiveCfg = Release|Any CPU
		{D2F349F0-F8F7-4593-83E7-27CB93D67BFE}.Release|Any CPU.Build.0 = Release|Any CPU
		{E1D9942D-6947-4695-883D-0D6E8B3F9942}.Debug|Any CPU.ActiveCfg = Debug|Any CPU
		{E1D9942D-6947-4695-883D-0D6E8B3F9942}.Debug|Any CPU.Build.0 = Debug|Any CPU
		{E1D9942D-6947-4695-883D-0D6E8B3F9942}.Release|Any CPU.ActiveCfg = Release|Any CPU
		{E1D9942D-6947-4695-883D-0D6E8B3F9942}.Release|Any CPU.Build.0 = Release|Any CPU
		{88633F01-0B3E-4C75-8D8D-641211E2455D}.Debug|Any CPU.ActiveCfg = Debug|Any CPU
		{88633F01-0B3E-4C75-8D8D-641211E2455D}.Debug|Any CPU.Build.0 = Debug|Any CPU
		{88633F01-0B3E-4C75-8D8D-641211E2455D}.Release|Any CPU.ActiveCfg = Release|Any CPU
		{88633F01-0B3E-4C75-8D8D-641211E2455D}.Release|Any CPU.Build.0 = Release|Any CPU
		{1481E644-3E09-43E6-8870-F2C3F4FB0B2E}.Debug|Any CPU.ActiveCfg = Debug|Any CPU
		{1481E644-3E09-43E6-8870-F2C3F4FB0B2E}.Debug|Any CPU.Build.0 = Debug|Any CPU
		{1481E644-3E09-43E6-8870-F2C3F4FB0B2E}.Release|Any CPU.ActiveCfg = Release|Any CPU
		{1481E644-3E09-43E6-8870-F2C3F4FB0B2E}.Release|Any CPU.Build.0 = Release|Any CPU
		{7F524819-E795-446A-A492-CBECC3AE874F}.Debug|Any CPU.ActiveCfg = Debug|Any CPU
		{7F524819-E795-446A-A492-CBECC3AE874F}.Debug|Any CPU.Build.0 = Debug|Any CPU
		{7F524819-E795-446A-A492-CBECC3AE874F}.Release|Any CPU.ActiveCfg = Release|Any CPU
		{7F524819-E795-446A-A492-CBECC3AE874F}.Release|Any CPU.Build.0 = Release|Any CPU
		{476EAF1F-9400-4524-91D2-07B4B19DA472}.Debug|Any CPU.ActiveCfg = Debug|Any CPU
		{476EAF1F-9400-4524-91D2-07B4B19DA472}.Debug|Any CPU.Build.0 = Debug|Any CPU
		{476EAF1F-9400-4524-91D2-07B4B19DA472}.Release|Any CPU.ActiveCfg = Release|Any CPU
		{476EAF1F-9400-4524-91D2-07B4B19DA472}.Release|Any CPU.Build.0 = Release|Any CPU
		{CC840EEF-A77F-477A-97D8-CDB877C5CB6D}.Debug|Any CPU.ActiveCfg = Debug|Any CPU
		{CC840EEF-A77F-477A-97D8-CDB877C5CB6D}.Debug|Any CPU.Build.0 = Debug|Any CPU
		{CC840EEF-A77F-477A-97D8-CDB877C5CB6D}.Release|Any CPU.ActiveCfg = Release|Any CPU
		{CC840EEF-A77F-477A-97D8-CDB877C5CB6D}.Release|Any CPU.Build.0 = Release|Any CPU
		{64491FBA-1797-42C3-9420-C64DE0FA00FF}.Debug|Any CPU.ActiveCfg = Debug|Any CPU
		{64491FBA-1797-42C3-9420-C64DE0FA00FF}.Debug|Any CPU.Build.0 = Debug|Any CPU
		{64491FBA-1797-42C3-9420-C64DE0FA00FF}.Release|Any CPU.ActiveCfg = Release|Any CPU
		{64491FBA-1797-42C3-9420-C64DE0FA00FF}.Release|Any CPU.Build.0 = Release|Any CPU
		{977B1E2B-403C-4F88-B33C-DFFBBFD0295F}.Debug|Any CPU.ActiveCfg = Debug|Any CPU
		{977B1E2B-403C-4F88-B33C-DFFBBFD0295F}.Debug|Any CPU.Build.0 = Debug|Any CPU
		{977B1E2B-403C-4F88-B33C-DFFBBFD0295F}.Release|Any CPU.ActiveCfg = Release|Any CPU
		{977B1E2B-403C-4F88-B33C-DFFBBFD0295F}.Release|Any CPU.Build.0 = Release|Any CPU
		{FC069F2D-0645-420E-BBA1-23AD436639CD}.Debug|Any CPU.ActiveCfg = Debug|Any CPU
		{FC069F2D-0645-420E-BBA1-23AD436639CD}.Debug|Any CPU.Build.0 = Debug|Any CPU
		{FC069F2D-0645-420E-BBA1-23AD436639CD}.Release|Any CPU.ActiveCfg = Release|Any CPU
		{FC069F2D-0645-420E-BBA1-23AD436639CD}.Release|Any CPU.Build.0 = Release|Any CPU
		{7B2D021B-4D47-446F-90E4-99F11E9B5901}.Debug|Any CPU.ActiveCfg = Debug|Any CPU
		{7B2D021B-4D47-446F-90E4-99F11E9B5901}.Debug|Any CPU.Build.0 = Debug|Any CPU
		{7B2D021B-4D47-446F-90E4-99F11E9B5901}.Release|Any CPU.ActiveCfg = Release|Any CPU
		{7B2D021B-4D47-446F-90E4-99F11E9B5901}.Release|Any CPU.Build.0 = Release|Any CPU
		{1DF54FED-2BC7-4317-B32E-53135723B267}.Debug|Any CPU.ActiveCfg = Debug|Any CPU
		{1DF54FED-2BC7-4317-B32E-53135723B267}.Debug|Any CPU.Build.0 = Debug|Any CPU
		{1DF54FED-2BC7-4317-B32E-53135723B267}.Release|Any CPU.ActiveCfg = Release|Any CPU
		{1DF54FED-2BC7-4317-B32E-53135723B267}.Release|Any CPU.Build.0 = Release|Any CPU
	EndGlobalSection
	GlobalSection(SolutionProperties) = preSolution
		HideSolutionNode = FALSE
	EndGlobalSection
	GlobalSection(NestedProjects) = preSolution
		{249BE708-3014-4584-9E14-CB087E54916E} = {9CE6B929-A748-4E87-85AB-0CF4B7801DC0}
		{C7F2471D-1CEC-4C9D-A2B2-2CE00DEFB186} = {9CE6B929-A748-4E87-85AB-0CF4B7801DC0}
		{DD7B6D7E-BA3F-4CA1-89D0-4B79E3345330} = {9CE6B929-A748-4E87-85AB-0CF4B7801DC0}
		{FA9854F9-6908-483A-AE63-9354249E74BC} = {9CE6B929-A748-4E87-85AB-0CF4B7801DC0}
		{E5273850-17DB-4659-833F-5CB64FA21955} = {9CE6B929-A748-4E87-85AB-0CF4B7801DC0}
		{B8E420E6-C270-44A9-AA9F-A1418975BD39} = {9CE6B929-A748-4E87-85AB-0CF4B7801DC0}
		{D5910A05-324D-49E5-8FAA-22BCFB557C23} = {9CE6B929-A748-4E87-85AB-0CF4B7801DC0}
		{EA159867-068F-4479-B3B1-6B9770955D0E} = {C7F2471D-1CEC-4C9D-A2B2-2CE00DEFB186}
		{9F56A494-078D-4838-A54C-C1D7B4F9E5F4} = {9CE6B929-A748-4E87-85AB-0CF4B7801DC0}
		{538C6F62-B398-41F1-917C-10659FDF6C78} = {9CE6B929-A748-4E87-85AB-0CF4B7801DC0}
		{499B053C-13F8-457C-9AC9-E1469C567770} = {9CE6B929-A748-4E87-85AB-0CF4B7801DC0}
		{D56D4264-6C22-4DFA-9F46-0840B757A8E1} = {9CE6B929-A748-4E87-85AB-0CF4B7801DC0}
		{CDB719B5-36B2-4F45-9F00-118138EB18D0} = {9CE6B929-A748-4E87-85AB-0CF4B7801DC0}
		{7B1100E2-EB35-4FBB-9A24-61E460167008} = {C7F2471D-1CEC-4C9D-A2B2-2CE00DEFB186}
		{4047A2FC-FC0F-43E2-BBD1-52746E678FAF} = {C7F2471D-1CEC-4C9D-A2B2-2CE00DEFB186}
		{468F0B44-D85C-4B73-AF2E-CA31223DCE64} = {9CE6B929-A748-4E87-85AB-0CF4B7801DC0}
		{5A885F77-8EBD-4291-83A2-41A90146DADF} = {C7F2471D-1CEC-4C9D-A2B2-2CE00DEFB186}
		{C55F23BE-BC7A-4F70-81D3-AF5D645FE831} = {9CE6B929-A748-4E87-85AB-0CF4B7801DC0}
		{422C302F-F4DD-4008-8F86-0124BEA8DE7B} = {9CE6B929-A748-4E87-85AB-0CF4B7801DC0}
		{E6053BB8-D527-4524-93DF-19FE290CF90E} = {9CE6B929-A748-4E87-85AB-0CF4B7801DC0}
		{2661BA25-7FCD-4A40-AE6D-FA5A8C964CBB} = {C7F2471D-1CEC-4C9D-A2B2-2CE00DEFB186}
		{94350616-92CD-4601-AC81-DBCDABCC9EAA} = {E483B164-8D20-4742-84D7-2DADEEBD9B72}
		{7D77B7BD-CF76-4AEE-841B-6AADB0B4E10C} = {089C62F0-A860-46EA-B8DF-B491286877BE}
		{24A219FD-6BBD-49EE-BD51-B66FDC7A9F45} = {E483B164-8D20-4742-84D7-2DADEEBD9B72}
		{C84751DA-B1B5-4382-836B-438B0D732459} = {24A219FD-6BBD-49EE-BD51-B66FDC7A9F45}
		{3D42E5CB-8885-42A6-A018-1C0F1D369123} = {C84751DA-B1B5-4382-836B-438B0D732459}
		{30E54F69-6055-4747-AFD7-D85E7C7F55A0} = {C84751DA-B1B5-4382-836B-438B0D732459}
		{8AE9FE51-65BF-4A09-90B6-5B559434BF84} = {C84751DA-B1B5-4382-836B-438B0D732459}
		{80ACFD45-1301-4BBD-86DD-39634695C6E7} = {C84751DA-B1B5-4382-836B-438B0D732459}
		{91182FD1-466D-473F-829D-C0F44B879C0A} = {E483B164-8D20-4742-84D7-2DADEEBD9B72}
		{28ECB242-41D7-4A1F-8FC5-56853334FF29} = {91182FD1-466D-473F-829D-C0F44B879C0A}
		{D8853533-8256-46CD-B5A3-65C7A9433820} = {24A219FD-6BBD-49EE-BD51-B66FDC7A9F45}
		{1E90397A-D33C-42F3-AE41-C1925820F3D8} = {D8853533-8256-46CD-B5A3-65C7A9433820}
		{D29AC509-D1F2-4F81-97F7-9CD3E486184A} = {D8853533-8256-46CD-B5A3-65C7A9433820}
		{3FA9037B-A4B7-413D-863E-B91768E18A37} = {D8853533-8256-46CD-B5A3-65C7A9433820}
		{F5F8687C-2AB8-4CDA-A346-2B8EAFCDCD73} = {D8853533-8256-46CD-B5A3-65C7A9433820}
		{3978B083-8E97-4D7E-9ED3-9892F0DA943F} = {24A219FD-6BBD-49EE-BD51-B66FDC7A9F45}
		{007077B1-606F-421D-91A3-07E9214571DD} = {3978B083-8E97-4D7E-9ED3-9892F0DA943F}
		{BAE5C69D-879F-4C0B-B615-B600E5266B74} = {3978B083-8E97-4D7E-9ED3-9892F0DA943F}
		{6317043D-4A66-40A2-81B4-A1BA41D865BE} = {3978B083-8E97-4D7E-9ED3-9892F0DA943F}
		{AB47EA78-EAF4-4EDB-B813-9377ADFA0D50} = {E483B164-8D20-4742-84D7-2DADEEBD9B72}
		{60B26944-DB9B-4514-B8EB-B4A0C809801C} = {AB47EA78-EAF4-4EDB-B813-9377ADFA0D50}
		{68A09A24-D260-49D7-B30F-922842854709} = {24A219FD-6BBD-49EE-BD51-B66FDC7A9F45}
		{55D6359C-7EA7-42DC-BC38-3F4B2B02EB99} = {68A09A24-D260-49D7-B30F-922842854709}
		{5EABFC3E-967C-41DF-BA37-1F793022A580} = {24A219FD-6BBD-49EE-BD51-B66FDC7A9F45}
		{887EA32B-4F5B-4435-9309-B8064E125758} = {5EABFC3E-967C-41DF-BA37-1F793022A580}
		{9B0FB878-9317-4AAB-84D9-38820A56F540} = {5EABFC3E-967C-41DF-BA37-1F793022A580}
		{1CF42DD7-C264-4B66-80D8-29A39A366E80} = {5EABFC3E-967C-41DF-BA37-1F793022A580}
		{D2F349F0-F8F7-4593-83E7-27CB93D67BFE} = {5EABFC3E-967C-41DF-BA37-1F793022A580}
		{E1D9942D-6947-4695-883D-0D6E8B3F9942} = {9CE6B929-A748-4E87-85AB-0CF4B7801DC0}
		{089C62F0-A860-46EA-B8DF-B491286877BE} = {94350616-92CD-4601-AC81-DBCDABCC9EAA}
		{88633F01-0B3E-4C75-8D8D-641211E2455D} = {089C62F0-A860-46EA-B8DF-B491286877BE}
		{1481E644-3E09-43E6-8870-F2C3F4FB0B2E} = {089C62F0-A860-46EA-B8DF-B491286877BE}
		{7F524819-E795-446A-A492-CBECC3AE874F} = {089C62F0-A860-46EA-B8DF-B491286877BE}
		{476EAF1F-9400-4524-91D2-07B4B19DA472} = {089C62F0-A860-46EA-B8DF-B491286877BE}
		{B1A9C415-5C08-43FB-AC4B-6389EF470747} = {24A219FD-6BBD-49EE-BD51-B66FDC7A9F45}
		{CC840EEF-A77F-477A-97D8-CDB877C5CB6D} = {B1A9C415-5C08-43FB-AC4B-6389EF470747}
		{64491FBA-1797-42C3-9420-C64DE0FA00FF} = {B1A9C415-5C08-43FB-AC4B-6389EF470747}
		{977B1E2B-403C-4F88-B33C-DFFBBFD0295F} = {B1A9C415-5C08-43FB-AC4B-6389EF470747}
		{FC069F2D-0645-420E-BBA1-23AD436639CD} = {B1A9C415-5C08-43FB-AC4B-6389EF470747}
		{7B2D021B-4D47-446F-90E4-99F11E9B5901} = {9CE6B929-A748-4E87-85AB-0CF4B7801DC0}
		{836908EF-8BA8-4ADC-BF4C-E97ED8B9EA91} = {E483B164-8D20-4742-84D7-2DADEEBD9B72}
		{1DF54FED-2BC7-4317-B32E-53135723B267} = {836908EF-8BA8-4ADC-BF4C-E97ED8B9EA91}
	EndGlobalSection
EndGlobal
